
Microsoft Visual Studio Solution File, Format Version 12.00
# Visual Studio Version 16
VisualStudioVersion = 16.0.29201.188
MinimumVisualStudioVersion = 10.0.40219.1
Project("{FAE04EC0-301F-11D3-BF4B-00C04F79EFBC}") = "AprioriWebApp2", "AprioriWebApp2\AprioriWebApp2.csproj", "{060229B3-23CA-4EF0-A455-D375655AE8A7}"
EndProject
Project("{FAE04EC0-301F-11D3-BF4B-00C04F79EFBC}") = "BAL", "C:\Users\hp\Desktop\paper\app code\new\Apriori-master\BAL\BAL.csproj", "{89AD7E1C-4481-41F9-BC93-8C16B3BEBA28}"
EndProject
Global
	GlobalSection(SolutionConfigurationPlatforms) = preSolution
		Debug|Any CPU = Debug|Any CPU
		Release|Any CPU = Release|Any CPU
	EndGlobalSection
	GlobalSection(ProjectConfigurationPlatforms) = postSolution
		{060229B3-23CA-4EF0-A455-D375655AE8A7}.Debug|Any CPU.ActiveCfg = Debug|Any CPU
		{060229B3-23CA-4EF0-A455-D375655AE8A7}.Debug|Any CPU.Build.0 = Debug|Any CPU
		{060229B3-23CA-4EF0-A455-D375655AE8A7}.Release|Any CPU.ActiveCfg = Release|Any CPU
		{060229B3-23CA-4EF0-A455-D375655AE8A7}.Release|Any CPU.Build.0 = Release|Any CPU
		{89AD7E1C-4481-41F9-BC93-8C16B3BEBA28}.Debug|Any CPU.ActiveCfg = Debug|Any CPU
		{89AD7E1C-4481-41F9-BC93-8C16B3BEBA28}.Debug|Any CPU.Build.0 = Debug|Any CPU
		{89AD7E1C-4481-41F9-BC93-8C16B3BEBA28}.Release|Any CPU.ActiveCfg = Release|Any CPU
		{89AD7E1C-4481-41F9-BC93-8C16B3BEBA28}.Release|Any CPU.Build.0 = Release|Any CPU
	EndGlobalSection
	GlobalSection(SolutionProperties) = preSolution
		HideSolutionNode = FALSE
	EndGlobalSection
	GlobalSection(ExtensibilityGlobals) = postSolution
		SolutionGuid = {1193DFEB-4816-4EB2-8D75-F218F3C6592D}
	EndGlobalSection
EndGlobal
